// !$*UTF8*$!
{
	archiveVersion = 1;
	classes = {
	};
	objectVersion = 46;
	objects = {

/* Begin PBXBuildFile section */
		B14693F01CD8498C0064B750 /* main.m in Sources */ = {isa = PBXBuildFile; fileRef = B14693EF1CD8498C0064B750 /* main.m */; };
		B14693F31CD8498C0064B750 /* AppDelegate.m in Sources */ = {isa = PBXBuildFile; fileRef = B14693F21CD8498C0064B750 /* AppDelegate.m */; };
		B14693F61CD8498C0064B750 /* ViewController.m in Sources */ = {isa = PBXBuildFile; fileRef = B14693F51CD8498C0064B750 /* ViewController.m */; };
		B14693F91CD8498C0064B750 /* Main.storyboard in Resources */ = {isa = PBXBuildFile; fileRef = B14693F71CD8498C0064B750 /* Main.storyboard */; };
		B14693FB1CD8498C0064B750 /* Assets.xcassets in Resources */ = {isa = PBXBuildFile; fileRef = B14693FA1CD8498C0064B750 /* Assets.xcassets */; };
		B14693FE1CD8498C0064B750 /* LaunchScreen.storyboard in Resources */ = {isa = PBXBuildFile; fileRef = B14693FC1CD8498C0064B750 /* LaunchScreen.storyboard */; };
		B14694091CD8498C0064B750 /* FonChYImageViewRotateTests.m in Sources */ = {isa = PBXBuildFile; fileRef = B14694081CD8498C0064B750 /* FonChYImageViewRotateTests.m */; };
		B14694141CD8498C0064B750 /* FonChYImageViewRotateUITests.m in Sources */ = {isa = PBXBuildFile; fileRef = B14694131CD8498C0064B750 /* FonChYImageViewRotateUITests.m */; };
		B146944F1CD84A260064B750 /* AFHTTPSessionManager.m in Sources */ = {isa = PBXBuildFile; fileRef = B14694231CD84A260064B750 /* AFHTTPSessionManager.m */; };
		B14694501CD84A260064B750 /* AFNetworkReachabilityManager.m in Sources */ = {isa = PBXBuildFile; fileRef = B14694261CD84A260064B750 /* AFNetworkReachabilityManager.m */; };
		B14694511CD84A260064B750 /* AFSecurityPolicy.m in Sources */ = {isa = PBXBuildFile; fileRef = B14694281CD84A260064B750 /* AFSecurityPolicy.m */; };
		B14694521CD84A260064B750 /* AFURLRequestSerialization.m in Sources */ = {isa = PBXBuildFile; fileRef = B146942A1CD84A260064B750 /* AFURLRequestSerialization.m */; };
		B14694531CD84A260064B750 /* AFURLResponseSerialization.m in Sources */ = {isa = PBXBuildFile; fileRef = B146942C1CD84A260064B750 /* AFURLResponseSerialization.m */; };
		B14694541CD84A260064B750 /* AFURLSessionManager.m in Sources */ = {isa = PBXBuildFile; fileRef = B146942E1CD84A260064B750 /* AFURLSessionManager.m */; };
		B14694551CD84A260064B750 /* FYHomeAdScrollerView.m in Sources */ = {isa = PBXBuildFile; fileRef = B14694301CD84A260064B750 /* FYHomeAdScrollerView.m */; };
		B14694561CD84A260064B750 /* NSData+ImageContentType.m in Sources */ = {isa = PBXBuildFile; fileRef = B14694331CD84A260064B750 /* NSData+ImageContentType.m */; };
		B14694571CD84A260064B750 /* SDImageCache.m in Sources */ = {isa = PBXBuildFile; fileRef = B14694351CD84A260064B750 /* SDImageCache.m */; };
		B14694581CD84A260064B750 /* SDWebImageCompat.m in Sources */ = {isa = PBXBuildFile; fileRef = B14694371CD84A260064B750 /* SDWebImageCompat.m */; };
		B14694591CD84A260064B750 /* SDWebImageDecoder.m in Sources */ = {isa = PBXBuildFile; fileRef = B14694391CD84A260064B750 /* SDWebImageDecoder.m */; };
		B146945A1CD84A260064B750 /* SDWebImageDownloader.m in Sources */ = {isa = PBXBuildFile; fileRef = B146943B1CD84A260064B750 /* SDWebImageDownloader.m */; };
		B146945B1CD84A260064B750 /* SDWebImageDownloaderOperation.m in Sources */ = {isa = PBXBuildFile; fileRef = B146943D1CD84A260064B750 /* SDWebImageDownloaderOperation.m */; };
		B146945C1CD84A260064B750 /* SDWebImageManager.m in Sources */ = {isa = PBXBuildFile; fileRef = B146943F1CD84A260064B750 /* SDWebImageManager.m */; };
		B146945D1CD84A260064B750 /* SDWebImagePrefetcher.m in Sources */ = {isa = PBXBuildFile; fileRef = B14694421CD84A260064B750 /* SDWebImagePrefetcher.m */; };
		B146945E1CD84A260064B750 /* UIButton+WebCache.m in Sources */ = {isa = PBXBuildFile; fileRef = B14694441CD84A260064B750 /* UIButton+WebCache.m */; };
		B146945F1CD84A260064B750 /* UIImage+GIF.m in Sources */ = {isa = PBXBuildFile; fileRef = B14694461CD84A260064B750 /* UIImage+GIF.m */; };
		B14694601CD84A260064B750 /* UIImage+MultiFormat.m in Sources */ = {isa = PBXBuildFile; fileRef = B14694481CD84A260064B750 /* UIImage+MultiFormat.m */; };
		B14694611CD84A260064B750 /* UIImageView+HighlightedWebCache.m in Sources */ = {isa = PBXBuildFile; fileRef = B146944A1CD84A260064B750 /* UIImageView+HighlightedWebCache.m */; };
		B14694621CD84A260064B750 /* UIImageView+WebCache.m in Sources */ = {isa = PBXBuildFile; fileRef = B146944C1CD84A260064B750 /* UIImageView+WebCache.m */; };
		B14694631CD84A260064B750 /* UIView+WebCacheOperation.m in Sources */ = {isa = PBXBuildFile; fileRef = B146944E1CD84A260064B750 /* UIView+WebCacheOperation.m */; };
/* End PBXBuildFile section */

/* Begin PBXContainerItemProxy section */
		B14694051CD8498C0064B750 /* PBXContainerItemProxy */ = {
			isa = PBXContainerItemProxy;
			containerPortal = B14693E31CD8498C0064B750 /* Project object */;
			proxyType = 1;
			remoteGlobalIDString = B14693EA1CD8498C0064B750;
			remoteInfo = FonChYImageViewRotate;
		};
		B14694101CD8498C0064B750 /* PBXContainerItemProxy */ = {
			isa = PBXContainerItemProxy;
			containerPortal = B14693E31CD8498C0064B750 /* Project object */;
			proxyType = 1;
			remoteGlobalIDString = B14693EA1CD8498C0064B750;
			remoteInfo = FonChYImageViewRotate;
		};
/* End PBXContainerItemProxy section */

/* Begin PBXFileReference section */
		B14693EB1CD8498C0064B750 /* FonChYImageViewRotate.app */ = {isa = PBXFileReference; explicitFileType = wrapper.application; includeInIndex = 0; path = FonChYImageViewRotate.app; sourceTree = BUILT_PRODUCTS_DIR; };
		B14693EF1CD8498C0064B750 /* main.m */ = {isa = PBXFileReference; lastKnownFileType = sourcecode.c.objc; path = main.m; sourceTree = "<group>"; };
		B14693F11CD8498C0064B750 /* AppDelegate.h */ = {isa = PBXFileReference; lastKnownFileType = sourcecode.c.h; path = AppDelegate.h; sourceTree = "<group>"; };
		B14693F21CD8498C0064B750 /* AppDelegate.m */ = {isa = PBXFileReference; lastKnownFileType = sourcecode.c.objc; path = AppDelegate.m; sourceTree = "<group>"; };
		B14693F41CD8498C0064B750 /* ViewController.h */ = {isa = PBXFileReference; lastKnownFileType = sourcecode.c.h; path = ViewController.h; sourceTree = "<group>"; };
		B14693F51CD8498C0064B750 /* ViewController.m */ = {isa = PBXFileReference; lastKnownFileType = sourcecode.c.objc; path = ViewController.m; sourceTree = "<group>"; };
		B14693F81CD8498C0064B750 /* Base */ = {isa = PBXFileReference; lastKnownFileType = file.storyboard; name = Base; path = Base.lproj/Main.storyboard; sourceTree = "<group>"; };
		B14693FA1CD8498C0064B750 /* Assets.xcassets */ = {isa = PBXFileReference; lastKnownFileType = folder.assetcatalog; path = Assets.xcassets; sourceTree = "<group>"; };
		B14693FD1CD8498C0064B750 /* Base */ = {isa = PBXFileReference; lastKnownFileType = file.storyboard; name = Base; path = Base.lproj/LaunchScreen.storyboard; sourceTree = "<group>"; };
		B14693FF1CD8498C0064B750 /* Info.plist */ = {isa = PBXFileReference; lastKnownFileType = text.plist.xml; path = Info.plist; sourceTree = "<group>"; };
		B14694041CD8498C0064B750 /* FonChYImageViewRotateTests.xctest */ = {isa = PBXFileReference; explicitFileType = wrapper.cfbundle; includeInIndex = 0; path = FonChYImageViewRotateTests.xctest; sourceTree = BUILT_PRODUCTS_DIR; };
		B14694081CD8498C0064B750 /* FonChYImageViewRotateTests.m */ = {isa = PBXFileReference; lastKnownFileType = sourcecode.c.objc; path = FonChYImageViewRotateTests.m; sourceTree = "<group>"; };
		B146940A1CD8498C0064B750 /* Info.plist */ = {isa = PBXFileReference; lastKnownFileType = text.plist.xml; path = Info.plist; sourceTree = "<group>"; };
		B146940F1CD8498C0064B750 /* FonChYImageViewRotateUITests.xctest */ = {isa = PBXFileReference; explicitFileType = wrapper.cfbundle; includeInIndex = 0; path = FonChYImageViewRotateUITests.xctest; sourceTree = BUILT_PRODUCTS_DIR; };
		B14694131CD8498C0064B750 /* FonChYImageViewRotateUITests.m */ = {isa = PBXFileReference; lastKnownFileType = sourcecode.c.objc; path = FonChYImageViewRotateUITests.m; sourceTree = "<group>"; };
		B14694151CD8498C0064B750 /* Info.plist */ = {isa = PBXFileReference; lastKnownFileType = text.plist.xml; path = Info.plist; sourceTree = "<group>"; };
		B14694221CD84A260064B750 /* AFHTTPSessionManager.h */ = {isa = PBXFileReference; fileEncoding = 4; lastKnownFileType = sourcecode.c.h; path = AFHTTPSessionManager.h; sourceTree = "<group>"; };
		B14694231CD84A260064B750 /* AFHTTPSessionManager.m */ = {isa = PBXFileReference; fileEncoding = 4; lastKnownFileType = sourcecode.c.objc; path = AFHTTPSessionManager.m; sourceTree = "<group>"; };
		B14694241CD84A260064B750 /* AFNetworking.h */ = {isa = PBXFileReference; fileEncoding = 4; lastKnownFileType = sourcecode.c.h; path = AFNetworking.h; sourceTree = "<group>"; };
		B14694251CD84A260064B750 /* AFNetworkReachabilityManager.h */ = {isa = PBXFileReference; fileEncoding = 4; lastKnownFileType = sourcecode.c.h; path = AFNetworkReachabilityManager.h; sourceTree = "<group>"; };
		B14694261CD84A260064B750 /* AFNetworkReachabilityManager.m */ = {isa = PBXFileReference; fileEncoding = 4; lastKnownFileType = sourcecode.c.objc; path = AFNetworkReachabilityManager.m; sourceTree = "<group>"; };
		B14694271CD84A260064B750 /* AFSecurityPolicy.h */ = {isa = PBXFileReference; fileEncoding = 4; lastKnownFileType = sourcecode.c.h; path = AFSecurityPolicy.h; sourceTree = "<group>"; };
		B14694281CD84A260064B750 /* AFSecurityPolicy.m */ = {isa = PBXFileReference; fileEncoding = 4; lastKnownFileType = sourcecode.c.objc; path = AFSecurityPolicy.m; sourceTree = "<group>"; };
		B14694291CD84A260064B750 /* AFURLRequestSerialization.h */ = {isa = PBXFileReference; fileEncoding = 4; lastKnownFileType = sourcecode.c.h; path = AFURLRequestSerialization.h; sourceTree = "<group>"; };
		B146942A1CD84A260064B750 /* AFURLRequestSerialization.m */ = {isa = PBXFileReference; fileEncoding = 4; lastKnownFileType = sourcecode.c.objc; path = AFURLRequestSerialization.m; sourceTree = "<group>"; };
		B146942B1CD84A260064B750 /* AFURLResponseSerialization.h */ = {isa = PBXFileReference; fileEncoding = 4; lastKnownFileType = sourcecode.c.h; path = AFURLResponseSerialization.h; sourceTree = "<group>"; };
		B146942C1CD84A260064B750 /* AFURLResponseSerialization.m */ = {isa = PBXFileReference; fileEncoding = 4; lastKnownFileType = sourcecode.c.objc; path = AFURLResponseSerialization.m; sourceTree = "<group>"; };
		B146942D1CD84A260064B750 /* AFURLSessionManager.h */ = {isa = PBXFileReference; fileEncoding = 4; lastKnownFileType = sourcecode.c.h; path = AFURLSessionManager.h; sourceTree = "<group>"; };
		B146942E1CD84A260064B750 /* AFURLSessionManager.m */ = {isa = PBXFileReference; fileEncoding = 4; lastKnownFileType = sourcecode.c.objc; path = AFURLSessionManager.m; sourceTree = "<group>"; };
		B146942F1CD84A260064B750 /* FYHomeAdScrollerView.h */ = {isa = PBXFileReference; fileEncoding = 4; lastKnownFileType = sourcecode.c.h; path = FYHomeAdScrollerView.h; sourceTree = "<group>"; };
		B14694301CD84A260064B750 /* FYHomeAdScrollerView.m */ = {isa = PBXFileReference; fileEncoding = 4; lastKnownFileType = sourcecode.c.objc; path = FYHomeAdScrollerView.m; sourceTree = "<group>"; };
		B14694321CD84A260064B750 /* NSData+ImageContentType.h */ = {isa = PBXFileReference; fileEncoding = 4; lastKnownFileType = sourcecode.c.h; path = "NSData+ImageContentType.h"; sourceTree = "<group>"; };
		B14694331CD84A260064B750 /* NSData+ImageContentType.m */ = {isa = PBXFileReference; fileEncoding = 4; lastKnownFileType = sourcecode.c.objc; path = "NSData+ImageContentType.m"; sourceTree = "<group>"; };
		B14694341CD84A260064B750 /* SDImageCache.h */ = {isa = PBXFileReference; fileEncoding = 4; lastKnownFileType = sourcecode.c.h; path = SDImageCache.h; sourceTree = "<group>"; };
		B14694351CD84A260064B750 /* SDImageCache.m */ = {isa = PBXFileReference; fileEncoding = 4; lastKnownFileType = sourcecode.c.objc; path = SDImageCache.m; sourceTree = "<group>"; };
		B14694361CD84A260064B750 /* SDWebImageCompat.h */ = {isa = PBXFileReference; fileEncoding = 4; lastKnownFileType = sourcecode.c.h; path = SDWebImageCompat.h; sourceTree = "<group>"; };
		B14694371CD84A260064B750 /* SDWebImageCompat.m */ = {isa = PBXFileReference; fileEncoding = 4; lastKnownFileType = sourcecode.c.objc; path = SDWebImageCompat.m; sourceTree = "<group>"; };
		B14694381CD84A260064B750 /* SDWebImageDecoder.h */ = {isa = PBXFileReference; fileEncoding = 4; lastKnownFileType = sourcecode.c.h; path = SDWebImageDecoder.h; sourceTree = "<group>"; };
		B14694391CD84A260064B750 /* SDWebImageDecoder.m */ = {isa = PBXFileReference; fileEncoding = 4; lastKnownFileType = sourcecode.c.objc; path = SDWebImageDecoder.m; sourceTree = "<group>"; };
		B146943A1CD84A260064B750 /* SDWebImageDownloader.h */ = {isa = PBXFileReference; fileEncoding = 4; lastKnownFileType = sourcecode.c.h; path = SDWebImageDownloader.h; sourceTree = "<group>"; };
		B146943B1CD84A260064B750 /* SDWebImageDownloader.m */ = {isa = PBXFileReference; fileEncoding = 4; lastKnownFileType = sourcecode.c.objc; path = SDWebImageDownloader.m; sourceTree = "<group>"; };
		B146943C1CD84A260064B750 /* SDWebImageDownloaderOperation.h */ = {isa = PBXFileReference; fileEncoding = 4; lastKnownFileType = sourcecode.c.h; path = SDWebImageDownloaderOperation.h; sourceTree = "<group>"; };
		B146943D1CD84A260064B750 /* SDWebImageDownloaderOperation.m */ = {isa = PBXFileReference; fileEncoding = 4; lastKnownFileType = sourcecode.c.objc; path = SDWebImageDownloaderOperation.m; sourceTree = "<group>"; };
		B146943E1CD84A260064B750 /* SDWebImageManager.h */ = {isa = PBXFileReference; fileEncoding = 4; lastKnownFileType = sourcecode.c.h; path = SDWebImageManager.h; sourceTree = "<group>"; };
		B146943F1CD84A260064B750 /* SDWebImageManager.m */ = {isa = PBXFileReference; fileEncoding = 4; lastKnownFileType = sourcecode.c.objc; path = SDWebImageManager.m; sourceTree = "<group>"; };
		B14694401CD84A260064B750 /* SDWebImageOperation.h */ = {isa = PBXFileReference; fileEncoding = 4; lastKnownFileType = sourcecode.c.h; path = SDWebImageOperation.h; sourceTree = "<group>"; };
		B14694411CD84A260064B750 /* SDWebImagePrefetcher.h */ = {isa = PBXFileReference; fileEncoding = 4; lastKnownFileType = sourcecode.c.h; path = SDWebImagePrefetcher.h; sourceTree = "<group>"; };
		B14694421CD84A260064B750 /* SDWebImagePrefetcher.m */ = {isa = PBXFileReference; fileEncoding = 4; lastKnownFileType = sourcecode.c.objc; path = SDWebImagePrefetcher.m; sourceTree = "<group>"; };
		B14694431CD84A260064B750 /* UIButton+WebCache.h */ = {isa = PBXFileReference; fileEncoding = 4; lastKnownFileType = sourcecode.c.h; path = "UIButton+WebCache.h"; sourceTree = "<group>"; };
		B14694441CD84A260064B750 /* UIButton+WebCache.m */ = {isa = PBXFileReference; fileEncoding = 4; lastKnownFileType = sourcecode.c.objc; path = "UIButton+WebCache.m"; sourceTree = "<group>"; };
		B14694451CD84A260064B750 /* UIImage+GIF.h */ = {isa = PBXFileReference; fileEncoding = 4; lastKnownFileType = sourcecode.c.h; path = "UIImage+GIF.h"; sourceTree = "<group>"; };
		B14694461CD84A260064B750 /* UIImage+GIF.m */ = {isa = PBXFileReference; fileEncoding = 4; lastKnownFileType = sourcecode.c.objc; path = "UIImage+GIF.m"; sourceTree = "<group>"; };
		B14694471CD84A260064B750 /* UIImage+MultiFormat.h */ = {isa = PBXFileReference; fileEncoding = 4; lastKnownFileType = sourcecode.c.h; path = "UIImage+MultiFormat.h"; sourceTree = "<group>"; };
		B14694481CD84A260064B750 /* UIImage+MultiFormat.m */ = {isa = PBXFileReference; fileEncoding = 4; lastKnownFileType = sourcecode.c.objc; path = "UIImage+MultiFormat.m"; sourceTree = "<group>"; };
		B14694491CD84A260064B750 /* UIImageView+HighlightedWebCache.h */ = {isa = PBXFileReference; fileEncoding = 4; lastKnownFileType = sourcecode.c.h; path = "UIImageView+HighlightedWebCache.h"; sourceTree = "<group>"; };
		B146944A1CD84A260064B750 /* UIImageView+HighlightedWebCache.m */ = {isa = PBXFileReference; fileEncoding = 4; lastKnownFileType = sourcecode.c.objc; path = "UIImageView+HighlightedWebCache.m"; sourceTree = "<group>"; };
		B146944B1CD84A260064B750 /* UIImageView+WebCache.h */ = {isa = PBXFileReference; fileEncoding = 4; lastKnownFileType = sourcecode.c.h; path = "UIImageView+WebCache.h"; sourceTree = "<group>"; };
		B146944C1CD84A260064B750 /* UIImageView+WebCache.m */ = {isa = PBXFileReference; fileEncoding = 4; lastKnownFileType = sourcecode.c.objc; path = "UIImageView+WebCache.m"; sourceTree = "<group>"; };
		B146944D1CD84A260064B750 /* UIView+WebCacheOperation.h */ = {isa = PBXFileReference; fileEncoding = 4; lastKnownFileType = sourcecode.c.h; path = "UIView+WebCacheOperation.h"; sourceTree = "<group>"; };
		B146944E1CD84A260064B750 /* UIView+WebCacheOperation.m */ = {isa = PBXFileReference; fileEncoding = 4; lastKnownFileType = sourcecode.c.objc; path = "UIView+WebCacheOperation.m"; sourceTree = "<group>"; };
/* End PBXFileReference section */

/* Begin PBXFrameworksBuildPhase section */
		B14693E81CD8498C0064B750 /* Frameworks */ = {
			isa = PBXFrameworksBuildPhase;
			buildActionMask = 2147483647;
			files = (
			);
			runOnlyForDeploymentPostprocessing = 0;
		};
		B14694011CD8498C0064B750 /* Frameworks */ = {
			isa = PBXFrameworksBuildPhase;
			buildActionMask = 2147483647;
			files = (
			);
			runOnlyForDeploymentPostprocessing = 0;
		};
		B146940C1CD8498C0064B750 /* Frameworks */ = {
			isa = PBXFrameworksBuildPhase;
			buildActionMask = 2147483647;
			files = (
			);
			runOnlyForDeploymentPostprocessing = 0;
		};
/* End PBXFrameworksBuildPhase section */

/* Begin PBXGroup section */
		B14693E21CD8498C0064B750 = {
			isa = PBXGroup;
			children = (
				B14693ED1CD8498C0064B750 /* FonChYImageViewRotate */,
				B14694071CD8498C0064B750 /* FonChYImageViewRotateTests */,
				B14694121CD8498C0064B750 /* FonChYImageViewRotateUITests */,
				B14693EC1CD8498C0064B750 /* Products */,
			);
			sourceTree = "<group>";
		};
		B14693EC1CD8498C0064B750 /* Products */ = {
			isa = PBXGroup;
			children = (
				B14693EB1CD8498C0064B750 /* FonChYImageViewRotate.app */,
				B14694041CD8498C0064B750 /* FonChYImageViewRotateTests.xctest */,
				B146940F1CD8498C0064B750 /* FonChYImageViewRotateUITests.xctest */,
			);
			name = Products;
			sourceTree = "<group>";
		};
		B14693ED1CD8498C0064B750 /* FonChYImageViewRotate */ = {
			isa = PBXGroup;
			children = (
				B14694211CD84A260064B750 /* AFNetworking */,
				B14694311CD84A260064B750 /* SDWebImage */,
				B14693F11CD8498C0064B750 /* AppDelegate.h */,
				B14693F21CD8498C0064B750 /* AppDelegate.m */,
				B146942F1CD84A260064B750 /* FYHomeAdScrollerView.h */,
				B14694301CD84A260064B750 /* FYHomeAdScrollerView.m */,
				B14693F41CD8498C0064B750 /* ViewController.h */,
				B14693F51CD8498C0064B750 /* ViewController.m */,
				B14693F71CD8498C0064B750 /* Main.storyboard */,
				B14693FA1CD8498C0064B750 /* Assets.xcassets */,
				B14693FC1CD8498C0064B750 /* LaunchScreen.storyboard */,
				B14693FF1CD8498C0064B750 /* Info.plist */,
				B14693EE1CD8498C0064B750 /* Supporting Files */,
			);
			path = FonChYImageViewRotate;
			sourceTree = "<group>";
		};
		B14693EE1CD8498C0064B750 /* Supporting Files */ = {
			isa = PBXGroup;
			children = (
				B14693EF1CD8498C0064B750 /* main.m */,
			);
			name = "Supporting Files";
			sourceTree = "<group>";
		};
		B14694071CD8498C0064B750 /* FonChYImageViewRotateTests */ = {
			isa = PBXGroup;
			children = (
				B14694081CD8498C0064B750 /* FonChYImageViewRotateTests.m */,
				B146940A1CD8498C0064B750 /* Info.plist */,
			);
			path = FonChYImageViewRotateTests;
			sourceTree = "<group>";
		};
		B14694121CD8498C0064B750 /* FonChYImageViewRotateUITests */ = {
			isa = PBXGroup;
			children = (
				B14694131CD8498C0064B750 /* FonChYImageViewRotateUITests.m */,
				B14694151CD8498C0064B750 /* Info.plist */,
			);
			path = FonChYImageViewRotateUITests;
			sourceTree = "<group>";
		};
		B14694211CD84A260064B750 /* AFNetworking */ = {
			isa = PBXGroup;
			children = (
				B14694221CD84A260064B750 /* AFHTTPSessionManager.h */,
				B14694231CD84A260064B750 /* AFHTTPSessionManager.m */,
				B14694241CD84A260064B750 /* AFNetworking.h */,
				B14694251CD84A260064B750 /* AFNetworkReachabilityManager.h */,
				B14694261CD84A260064B750 /* AFNetworkReachabilityManager.m */,
				B14694271CD84A260064B750 /* AFSecurityPolicy.h */,
				B14694281CD84A260064B750 /* AFSecurityPolicy.m */,
				B14694291CD84A260064B750 /* AFURLRequestSerialization.h */,
				B146942A1CD84A260064B750 /* AFURLRequestSerialization.m */,
				B146942B1CD84A260064B750 /* AFURLResponseSerialization.h */,
				B146942C1CD84A260064B750 /* AFURLResponseSerialization.m */,
				B146942D1CD84A260064B750 /* AFURLSessionManager.h */,
				B146942E1CD84A260064B750 /* AFURLSessionManager.m */,
			);
			path = AFNetworking;
			sourceTree = "<group>";
		};
		B14694311CD84A260064B750 /* SDWebImage */ = {
			isa = PBXGroup;
			children = (
				B14694321CD84A260064B750 /* NSData+ImageContentType.h */,
				B14694331CD84A260064B750 /* NSData+ImageContentType.m */,
				B14694341CD84A260064B750 /* SDImageCache.h */,
				B14694351CD84A260064B750 /* SDImageCache.m */,
				B14694361CD84A260064B750 /* SDWebImageCompat.h */,
				B14694371CD84A260064B750 /* SDWebImageCompat.m */,
				B14694381CD84A260064B750 /* SDWebImageDecoder.h */,
				B14694391CD84A260064B750 /* SDWebImageDecoder.m */,
				B146943A1CD84A260064B750 /* SDWebImageDownloader.h */,
				B146943B1CD84A260064B750 /* SDWebImageDownloader.m */,
				B146943C1CD84A260064B750 /* SDWebImageDownloaderOperation.h */,
				B146943D1CD84A260064B750 /* SDWebImageDownloaderOperation.m */,
				B146943E1CD84A260064B750 /* SDWebImageManager.h */,
				B146943F1CD84A260064B750 /* SDWebImageManager.m */,
				B14694401CD84A260064B750 /* SDWebImageOperation.h */,
				B14694411CD84A260064B750 /* SDWebImagePrefetcher.h */,
				B14694421CD84A260064B750 /* SDWebImagePrefetcher.m */,
				B14694431CD84A260064B750 /* UIButton+WebCache.h */,
				B14694441CD84A260064B750 /* UIButton+WebCache.m */,
				B14694451CD84A260064B750 /* UIImage+GIF.h */,
				B14694461CD84A260064B750 /* UIImage+GIF.m */,
				B14694471CD84A260064B750 /* UIImage+MultiFormat.h */,
				B14694481CD84A260064B750 /* UIImage+MultiFormat.m */,
				B14694491CD84A260064B750 /* UIImageView+HighlightedWebCache.h */,
				B146944A1CD84A260064B750 /* UIImageView+HighlightedWebCache.m */,
				B146944B1CD84A260064B750 /* UIImageView+WebCache.h */,
				B146944C1CD84A260064B750 /* UIImageView+WebCache.m */,
				B146944D1CD84A260064B750 /* UIView+WebCacheOperation.h */,
				B146944E1CD84A260064B750 /* UIView+WebCacheOperation.m */,
			);
			path = SDWebImage;
			sourceTree = "<group>";
		};
/* End PBXGroup section */

/* Begin PBXNativeTarget section */
		B14693EA1CD8498C0064B750 /* FonChYImageViewRotate */ = {
			isa = PBXNativeTarget;
			buildConfigurationList = B14694181CD8498C0064B750 /* Build configuration list for PBXNativeTarget "FonChYImageViewRotate" */;
			buildPhases = (
				B14693E71CD8498C0064B750 /* Sources */,
				B14693E81CD8498C0064B750 /* Frameworks */,
				B14693E91CD8498C0064B750 /* Resources */,
			);
			buildRules = (
			);
			dependencies = (
			);
			name = FonChYImageViewRotate;
			productName = FonChYImageViewRotate;
			productReference = B14693EB1CD8498C0064B750 /* FonChYImageViewRotate.app */;
			productType = "com.apple.product-type.application";
		};
		B14694031CD8498C0064B750 /* FonChYImageViewRotateTests */ = {
			isa = PBXNativeTarget;
			buildConfigurationList = B146941B1CD8498C0064B750 /* Build configuration list for PBXNativeTarget "FonChYImageViewRotateTests" */;
			buildPhases = (
				B14694001CD8498C0064B750 /* Sources */,
				B14694011CD8498C0064B750 /* Frameworks */,
				B14694021CD8498C0064B750 /* Resources */,
			);
			buildRules = (
			);
			dependencies = (
				B14694061CD8498C0064B750 /* PBXTargetDependency */,
			);
			name = FonChYImageViewRotateTests;
			productName = FonChYImageViewRotateTests;
			productReference = B14694041CD8498C0064B750 /* FonChYImageViewRotateTests.xctest */;
			productType = "com.apple.product-type.bundle.unit-test";
		};
		B146940E1CD8498C0064B750 /* FonChYImageViewRotateUITests */ = {
			isa = PBXNativeTarget;
			buildConfigurationList = B146941E1CD8498C0064B750 /* Build configuration list for PBXNativeTarget "FonChYImageViewRotateUITests" */;
			buildPhases = (
				B146940B1CD8498C0064B750 /* Sources */,
				B146940C1CD8498C0064B750 /* Frameworks */,
				B146940D1CD8498C0064B750 /* Resources */,
			);
			buildRules = (
			);
			dependencies = (
				B14694111CD8498C0064B750 /* PBXTargetDependency */,
			);
			name = FonChYImageViewRotateUITests;
			productName = FonChYImageViewRotateUITests;
			productReference = B146940F1CD8498C0064B750 /* FonChYImageViewRotateUITests.xctest */;
			productType = "com.apple.product-type.bundle.ui-testing";
		};
/* End PBXNativeTarget section */

/* Begin PBXProject section */
		B14693E31CD8498C0064B750 /* Project object */ = {
			isa = PBXProject;
			attributes = {
				LastUpgradeCheck = 0730;
				ORGANIZATIONNAME = ChinaPan;
				TargetAttributes = {
					B14693EA1CD8498C0064B750 = {
						CreatedOnToolsVersion = 7.3;
					};
					B14694031CD8498C0064B750 = {
						CreatedOnToolsVersion = 7.3;
						TestTargetID = B14693EA1CD8498C0064B750;
					};
					B146940E1CD8498C0064B750 = {
						CreatedOnToolsVersion = 7.3;
						TestTargetID = B14693EA1CD8498C0064B750;
					};
				};
			};
			buildConfigurationList = B14693E61CD8498C0064B750 /* Build configuration list for PBXProject "FonChYImageViewRotate" */;
			compatibilityVersion = "Xcode 3.2";
			developmentRegion = English;
			hasScannedForEncodings = 0;
			knownRegions = (
				en,
				Base,
			);
			mainGroup = B14693E21CD8498C0064B750;
			productRefGroup = B14693EC1CD8498C0064B750 /* Products */;
			projectDirPath = "";
			projectRoot = "";
			targets = (
				B14693EA1CD8498C0064B750 /* FonChYImageViewRotate */,
				B14694031CD8498C0064B750 /* FonChYImageViewRotateTests */,
				B146940E1CD8498C0064B750 /* FonChYImageViewRotateUITests */,
			);
		};
/* End PBXProject section */

/* Begin PBXResourcesBuildPhase section */
		B14693E91CD8498C0064B750 /* Resources */ = {
			isa = PBXResourcesBuildPhase;
			buildActionMask = 2147483647;
			files = (
				B14693FE1CD8498C0064B750 /* LaunchScreen.storyboard in Resources */,
				B14693FB1CD8498C0064B750 /* Assets.xcassets in Resources */,
				B14693F91CD8498C0064B750 /* Main.storyboard in Resources */,
			);
			runOnlyForDeploymentPostprocessing = 0;
		};
		B14694021CD8498C0064B750 /* Resources */ = {
			isa = PBXResourcesBuildPhase;
			buildActionMask = 2147483647;
			files = (
			);
			runOnlyForDeploymentPostprocessing = 0;
		};
		B146940D1CD8498C0064B750 /* Resources */ = {
			isa = PBXResourcesBuildPhase;
			buildActionMask = 2147483647;
			files = (
			);
			runOnlyForDeploymentPostprocessing = 0;
		};
/* End PBXResourcesBuildPhase section */

/* Begin PBXSourcesBuildPhase section */
		B14693E71CD8498C0064B750 /* Sources */ = {
			isa = PBXSourcesBuildPhase;
			buildActionMask = 2147483647;
			files = (
				B14694591CD84A260064B750 /* SDWebImageDecoder.m in Sources */,
				B14694541CD84A260064B750 /* AFURLSessionManager.m in Sources */,
				B146945B1CD84A260064B750 /* SDWebImageDownloaderOperation.m in Sources */,
				B146945C1CD84A260064B750 /* SDWebImageManager.m in Sources */,
				B14694631CD84A260064B750 /* UIView+WebCacheOperation.m in Sources */,
				B14694551CD84A260064B750 /* FYHomeAdScrollerView.m in Sources */,
				B14693F61CD8498C0064B750 /* ViewController.m in Sources */,
				B14694611CD84A260064B750 /* UIImageView+HighlightedWebCache.m in Sources */,
				B146945A1CD84A260064B750 /* SDWebImageDownloader.m in Sources */,
				B14693F31CD8498C0064B750 /* AppDelegate.m in Sources */,
				B14694581CD84A260064B750 /* SDWebImageCompat.m in Sources */,
				B146945D1CD84A260064B750 /* SDWebImagePrefetcher.m in Sources */,
				B14694601CD84A260064B750 /* UIImage+MultiFormat.m in Sources */,
				B14694501CD84A260064B750 /* AFNetworkReachabilityManager.m in Sources */,
				B14693F01CD8498C0064B750 /* main.m in Sources */,
				B146945E1CD84A260064B750 /* UIButton+WebCache.m in Sources */,
				B14694511CD84A260064B750 /* AFSecurityPolicy.m in Sources */,
				B14694571CD84A260064B750 /* SDImageCache.m in Sources */,
				B14694521CD84A260064B750 /* AFURLRequestSerialization.m in Sources */,
				B14694531CD84A260064B750 /* AFURLResponseSerialization.m in Sources */,
				B146944F1CD84A260064B750 /* AFHTTPSessionManager.m in Sources */,
				B146945F1CD84A260064B750 /* UIImage+GIF.m in Sources */,
				B14694621CD84A260064B750 /* UIImageView+WebCache.m in Sources */,
				B14694561CD84A260064B750 /* NSData+ImageContentType.m in Sources */,
			);
			runOnlyForDeploymentPostprocessing = 0;
		};
		B14694001CD8498C0064B750 /* Sources */ = {
			isa = PBXSourcesBuildPhase;
			buildActionMask = 2147483647;
			files = (
				B14694091CD8498C0064B750 /* FonChYImageViewRotateTests.m in Sources */,
			);
			runOnlyForDeploymentPostprocessing = 0;
		};
		B146940B1CD8498C0064B750 /* Sources */ = {
			isa = PBXSourcesBuildPhase;
			buildActionMask = 2147483647;
			files = (
				B14694141CD8498C0064B750 /* FonChYImageViewRotateUITests.m in Sources */,
			);
			runOnlyForDeploymentPostprocessing = 0;
		};
/* End PBXSourcesBuildPhase section */

/* Begin PBXTargetDependency section */
		B14694061CD8498C0064B750 /* PBXTargetDependency */ = {
			isa = PBXTargetDependency;
			target = B14693EA1CD8498C0064B750 /* FonChYImageViewRotate */;
			targetProxy = B14694051CD8498C0064B750 /* PBXContainerItemProxy */;
		};
		B14694111CD8498C0064B750 /* PBXTargetDependency */ = {
			isa = PBXTargetDependency;
			target = B14693EA1CD8498C0064B750 /* FonChYImageViewRotate */;
			targetProxy = B14694101CD8498C0064B750 /* PBXContainerItemProxy */;
		};
/* End PBXTargetDependency section */

/* Begin PBXVariantGroup section */
		B14693F71CD8498C0064B750 /* Main.storyboard */ = {
			isa = PBXVariantGroup;
			children = (
				B14693F81CD8498C0064B750 /* Base */,
			);
			name = Main.storyboard;
			sourceTree = "<group>";
		};
		B14693FC1CD8498C0064B750 /* LaunchScreen.storyboard */ = {
			isa = PBXVariantGroup;
			children = (
				B14693FD1CD8498C0064B750 /* Base */,
			);
			name = LaunchScreen.storyboard;
			sourceTree = "<group>";
		};
/* End PBXVariantGroup section */

/* Begin XCBuildConfiguration section */
		B14694161CD8498C0064B750 /* Debug */ = {
			isa = XCBuildConfiguration;
			buildSettings = {
				ALWAYS_SEARCH_USER_PATHS = NO;
				CLANG_ANALYZER_NONNULL = YES;
				CLANG_CXX_LANGUAGE_STANDARD = "gnu++0x";
				CLANG_CXX_LIBRARY = "libc++";
				CLANG_ENABLE_MODULES = YES;
				CLANG_ENABLE_OBJC_ARC = YES;
				CLANG_WARN_BOOL_CONVERSION = YES;
				CLANG_WARN_CONSTANT_CONVERSION = YES;
				CLANG_WARN_DIRECT_OBJC_ISA_USAGE = YES_ERROR;
				CLANG_WARN_EMPTY_BODY = YES;
				CLANG_WARN_ENUM_CONVERSION = YES;
				CLANG_WARN_INT_CONVERSION = YES;
				CLANG_WARN_OBJC_ROOT_CLASS = YES_ERROR;
				CLANG_WARN_UNREACHABLE_CODE = YES;
				CLANG_WARN__DUPLICATE_METHOD_MATCH = YES;
				"CODE_SIGN_IDENTITY[sdk=iphoneos*]" = "iPhone Developer";
				COPY_PHASE_STRIP = NO;
				DEBUG_INFORMATION_FORMAT = dwarf;
				ENABLE_STRICT_OBJC_MSGSEND = YES;
				ENABLE_TESTABILITY = YES;
				GCC_C_LANGUAGE_STANDARD = gnu99;
				GCC_DYNAMIC_NO_PIC = NO;
				GCC_NO_COMMON_BLOCKS = YES;
				GCC_OPTIMIZATION_LEVEL = 0;
				GCC_PREPROCESSOR_DEFINITIONS = (
					"DEBUG=1",
					"$(inherited)",
				);
				GCC_WARN_64_TO_32_BIT_CONVERSION = YES;
				GCC_WARN_ABOUT_RETURN_TYPE = YES_ERROR;
				GCC_WARN_UNDECLARED_SELECTOR = YES;
				GCC_WARN_UNINITIALIZED_AUTOS = YES_AGGRESSIVE;
				GCC_WARN_UNUSED_FUNCTION = YES;
				GCC_WARN_UNUSED_VARIABLE = YES;
				IPHONEOS_DEPLOYMENT_TARGET = 9.3;
				MTL_ENABLE_DEBUG_INFO = YES;
				ONLY_ACTIVE_ARCH = YES;
				SDKROOT = iphoneos;
				TARGETED_DEVICE_FAMILY = "1,2";
			};
			name = Debug;
		};
		B14694171CD8498C0064B750 /* Release */ = {
			isa = XCBuildConfiguration;
			buildSettings = {
				ALWAYS_SEARCH_USER_PATHS = NO;
				CLANG_ANALYZER_NONNULL = YES;
				CLANG_CXX_LANGUAGE_STANDARD = "gnu++0x";
				CLANG_CXX_LIBRARY = "libc++";
				CLANG_ENABLE_MODULES = YES;
				CLANG_ENABLE_OBJC_ARC = YES;
				CLANG_WARN_BOOL_CONVERSION = YES;
				CLANG_WARN_CONSTANT_CONVERSION = YES;
				CLANG_WARN_DIRECT_OBJC_ISA_USAGE = YES_ERROR;
				CLANG_WARN_EMPTY_BODY = YES;
				CLANG_WARN_ENUM_CONVERSION = YES;
				CLANG_WARN_INT_CONVERSION = YES;
				CLANG_WARN_OBJC_ROOT_CLASS = YES_ERROR;
				CLANG_WARN_UNREACHABLE_CODE = YES;
				CLANG_WARN__DUPLICATE_METHOD_MATCH = YES;
				"CODE_SIGN_IDENTITY[sdk=iphoneos*]" = "iPhone Developer";
				COPY_PHASE_STRIP = NO;
				DEBUG_INFORMATION_FORMAT = "dwarf-with-dsym";
				ENABLE_NS_ASSERTIONS = NO;
				ENABLE_STRICT_OBJC_MSGSEND = YES;
				GCC_C_LANGUAGE_STANDARD = gnu99;
				GCC_NO_COMMON_BLOCKS = YES;
				GCC_WARN_64_TO_32_BIT_CONVERSION = YES;
				GCC_WARN_ABOUT_RETURN_TYPE = YES_ERROR;
				GCC_WARN_UNDECLARED_SELECTOR = YES;
				GCC_WARN_UNINITIALIZED_AUTOS = YES_AGGRESSIVE;
				GCC_WARN_UNUSED_FUNCTION = YES;
				GCC_WARN_UNUSED_VARIABLE = YES;
				IPHONEOS_DEPLOYMENT_TARGET = 9.3;
				MTL_ENABLE_DEBUG_INFO = NO;
				SDKROOT = iphoneos;
				TARGETED_DEVICE_FAMILY = "1,2";
				VALIDATE_PRODUCT = YES;
			};
			name = Release;
		};
		B14694191CD8498C0064B750 /* Debug */ = {
			isa = XCBuildConfiguration;
			buildSettings = {
				ASSETCATALOG_COMPILER_APPICON_NAME = AppIcon;
				INFOPLIST_FILE = FonChYImageViewRotate/Info.plist;
				LD_RUNPATH_SEARCH_PATHS = "$(inherited) @executable_path/Frameworks";
				PRODUCT_BUNDLE_IDENTIFIER = ChinaPan.FonChYImageViewRotate;
				PRODUCT_NAME = "$(TARGET_NAME)";
			};
			name = Debug;
		};
		B146941A1CD8498C0064B750 /* Release */ = {
			isa = XCBuildConfiguration;
			buildSettings = {
				ASSETCATALOG_COMPILER_APPICON_NAME = AppIcon;
				INFOPLIST_FILE = FonChYImageViewRotate/Info.plist;
				LD_RUNPATH_SEARCH_PATHS = "$(inherited) @executable_path/Frameworks";
				PRODUCT_BUNDLE_IDENTIFIER = ChinaPan.FonChYImageViewRotate;
				PRODUCT_NAME = "$(TARGET_NAME)";
			};
			name = Release;
		};
		B146941C1CD8498C0064B750 /* Debug */ = {
			isa = XCBuildConfiguration;
			buildSettings = {
				BUNDLE_LOADER = "$(TEST_HOST)";
				INFOPLIST_FILE = FonChYImageViewRotateTests/Info.plist;
				LD_RUNPATH_SEARCH_PATHS = "$(inherited) @executable_path/Frameworks @loader_path/Frameworks";
				PRODUCT_BUNDLE_IDENTIFIER = ChinaPan.FonChYImageViewRotateTests;
				PRODUCT_NAME = "$(TARGET_NAME)";
				TEST_HOST = "$(BUILT_PRODUCTS_DIR)/FonChYImageViewRotate.app/FonChYImageViewRotate";
			};
			name = Debug;
		};
		B146941D1CD8498C0064B750 /* Release */ = {
			isa = XCBuildConfiguration;
			buildSettings = {
				BUNDLE_LOADER = "$(TEST_HOST)";
				INFOPLIST_FILE = FonChYImageViewRotateTests/Info.plist;
				LD_RUNPATH_SEARCH_PATHS = "$(inherited) @executable_path/Frameworks @loader_path/Frameworks";
				PRODUCT_BUNDLE_IDENTIFIER = ChinaPan.FonChYImageViewRotateTests;
				PRODUCT_NAME = "$(TARGET_NAME)";
				TEST_HOST = "$(BUILT_PRODUCTS_DIR)/FonChYImageViewRotate.app/FonChYImageViewRotate";
			};
			name = Release;
		};
		B146941F1CD8498C0064B750 /* Debug */ = {
			isa = XCBuildConfiguration;
			buildSettings = {
				INFOPLIST_FILE = FonChYImageViewRotateUITests/Info.plist;
				LD_RUNPATH_SEARCH_PATHS = "$(inherited) @executable_path/Frameworks @loader_path/Frameworks";
				PRODUCT_BUNDLE_IDENTIFIER = ChinaPan.FonChYImageViewRotateUITests;
				PRODUCT_NAME = "$(TARGET_NAME)";
				TEST_TARGET_NAME = FonChYImageViewRotate;
			};
			name = Debug;
		};
		B14694201CD8498C0064B750 /* Release */ = {
			isa = XCBuildConfiguration;
			buildSettings = {
				INFOPLIST_FILE = FonChYImageViewRotateUITests/Info.plist;
				LD_RUNPATH_SEARCH_PATHS = "$(inherited) @executable_path/Frameworks @loader_path/Frameworks";
				PRODUCT_BUNDLE_IDENTIFIER = ChinaPan.FonChYImageViewRotateUITests;
				PRODUCT_NAME = "$(TARGET_NAME)";
				TEST_TARGET_NAME = FonChYImageViewRotate;
			};
			name = Release;
		};
/* End XCBuildConfiguration section */

/* Begin XCConfigurationList section */
		B14693E61CD8498C0064B750 /* Build configuration list for PBXProject "FonChYImageViewRotate" */ = {
			isa = XCConfigurationList;
			buildConfigurations = (
				B14694161CD8498C0064B750 /* Debug */,
				B14694171CD8498C0064B750 /* Release */,
			);
			defaultConfigurationIsVisible = 0;
			defaultConfigurationName = Release;
		};
		B14694181CD8498C0064B750 /* Build configuration list for PBXNativeTarget "FonChYImageViewRotate" */ = {
			isa = XCConfigurationList;
			buildConfigurations = (
				B14694191CD8498C0064B750 /* Debug */,
				B146941A1CD8498C0064B750 /* Release */,
			);
			defaultConfigurationIsVisible = 0;
		};
		B146941B1CD8498C0064B750 /* Build configuration list for PBXNativeTarget "FonChYImageViewRotateTests" */ = {
			isa = XCConfigurationList;
			buildConfigurations = (
				B146941C1CD8498C0064B750 /* Debug */,
				B146941D1CD8498C0064B750 /* Release */,
			);
			defaultConfigurationIsVisible = 0;
		};
		B146941E1CD8498C0064B750 /* Build configuration list for PBXNativeTarget "FonChYImageViewRotateUITests" */ = {
			isa = XCConfigurationList;
			buildConfigurations = (
				B146941F1CD8498C0064B750 /* Debug */,
				B14694201CD8498C0064B750 /* Release */,
			);
			defaultConfigurationIsVisible = 0;
		};
/* End XCConfigurationList section */
	};
	rootObject = B14693E31CD8498C0064B750 /* Project object */;
}
